PODS:
  - Bolts (1.9.0):
    - Bolts/AppLinks (= 1.9.0)
    - Bolts/Tasks (= 1.9.0)
  - Bolts/AppLinks (1.9.0):
    - Bolts/Tasks
  - Bolts/Tasks (1.9.0)
  - FacebookSDK (4.37.0):
    - Bolts (~> 1.7)
    - FacebookSDK/CoreKit (= 4.37.0)
    - FacebookSDK/MarketingKit (= 4.37.0)
  - FacebookSDK/CoreKit (4.37.0):
    - Bolts (~> 1.7)
  - FacebookSDK/MarketingKit (4.37.0):
    - Bolts (~> 1.7)
    - FacebookSDK/CoreKit

DEPENDENCIES:
  - FacebookSDK

SPEC REPOS:
  https://github.com/cocoapods/specs.git:
    - Bolts
    - FacebookSDK

SPEC CHECKSUMS:
  Bolts: ac6567323eac61e203f6a9763667d0f711be34c8
  FacebookSDK: aac401153feabdedd7dfeb46acaccad7ac53fb69

PODFILE CHECKSUM: 79dec6389ec020a68978b4b95e5a47b6a0d8d043

COCOAPODS: 1.5.3
